// !$*UTF8*$!
{
	archiveVersion = 1;
	classes = {
	};
	objectVersion = 56;
	objects = {

/* Begin PBXBuildFile section */
		32BAF8A92ABA677300B5799C /* main.cpp in Sources */ = {isa = PBXBuildFile; fileRef = 32BAF8A82ABA677300B5799C /* main.cpp */; };
		32BAF8B12ABA699B00B5799C /* OpenGL.framework in Frameworks */ = {isa = PBXBuildFile; fileRef = 32BAF8B02ABA699B00B5799C /* OpenGL.framework */; };
		32BAF8B32ABA69A600B5799C /* IOKit.framework in Frameworks */ = {isa = PBXBuildFile; fileRef = 32BAF8B22ABA69A600B5799C /* IOKit.framework */; };
		32BAF8B52ABA69B000B5799C /* Cocoa.framework in Frameworks */ = {isa = PBXBuildFile; fileRef = 32BAF8B42ABA69B000B5799C /* Cocoa.framework */; };
		32BAF8B72ABA6A8E00B5799C /* libraylib.a in Frameworks */ = {isa = PBXBuildFile; fileRef = 32BAF8B62ABA6A8E00B5799C /* libraylib.a */; };
/* End PBXBuildFile section */

/* Begin PBXCopyFilesBuildPhase section */
		32BAF8A32ABA677300B5799C /* CopyFiles */ = {
			isa = PBXCopyFilesBuildPhase;
			buildActionMask = 2147483647;
			dstPath = /usr/share/man/man1/;
			dstSubfolderSpec = 0;
			files = (
			);
			runOnlyForDeploymentPostprocessing = 1;
		};
/* End PBXCopyFilesBuildPhase section */

/* Begin PBXFileReference section */
		32B4460B2ABA6D85005FC57A /* food.png */ = {isa = PBXFileReference; lastKnownFileType = image.png; name = food.png; path = ../../../../snakeCpp/images/food.png; sourceTree = "<group>"; };
		32B4460C2ABA6DA1005FC57A /* eat.mp3 */ = {isa = PBXFileReference; lastKnownFileType = audio.mp3; name = eat.mp3; path = ../../../../snakeCpp/sound/eat.mp3; sourceTree = "<group>"; };
		32B4460D2ABA6DA1005FC57A /* wall.mp3 */ = {isa = PBXFileReference; lastKnownFileType = audio.mp3; name = wall.mp3; path = ../../../../snakeCpp/sound/wall.mp3; sourceTree = "<group>"; };
		32BAF8A52ABA677300B5799C /* snakeGameXcode */ = {isa = PBXFileReference; explicitFileType = "compiled.mach-o.executable"; includeInIndex = 0; path = snakeGameXcode; sourceTree = BUILT_PRODUCTS_DIR; };
		32BAF8A82ABA677300B5799C /* main.cpp */ = {isa = PBXFileReference; lastKnownFileType = sourcecode.cpp.cpp; path = main.cpp; sourceTree = "<group>"; };
		32BAF8B02ABA699B00B5799C /* OpenGL.framework */ = {isa = PBXFileReference; lastKnownFileType = wrapper.framework; name = OpenGL.framework; path = System/Library/Frameworks/OpenGL.framework; sourceTree = SDKROOT; };
		32BAF8B22ABA69A600B5799C /* IOKit.framework */ = {isa = PBXFileReference; lastKnownFileType = wrapper.framework; name = IOKit.framework; path = System/Library/Frameworks/IOKit.framework; sourceTree = SDKROOT; };
		32BAF8B42ABA69B000B5799C /* Cocoa.framework */ = {isa = PBXFileReference; lastKnownFileType = wrapper.framework; name = Cocoa.framework; path = System/Library/Frameworks/Cocoa.framework; sourceTree = SDKROOT; };
		32BAF8B62ABA6A8E00B5799C /* libraylib.a */ = {isa = PBXFileReference; lastKnownFileType = archive.ar; name = libraylib.a; path = "../../Developer/raylib-master/src/libraylib.a"; sourceTree = "<group>"; };
/* End PBXFileReference section */

/* Begin PBXFrameworksBuildPhase section */
		32BAF8A22ABA677300B5799C /* Frameworks */ = {
			isa = PBXFrameworksBuildPhase;
			buildActionMask = 2147483647;
			files = (
				32BAF8B72ABA6A8E00B5799C /* libraylib.a in Frameworks */,
				32BAF8B52ABA69B000B5799C /* Cocoa.framework in Frameworks */,
				32BAF8B32ABA69A600B5799C /* IOKit.framework in Frameworks */,
				32BAF8B12ABA699B00B5799C /* OpenGL.framework in Frameworks */,
			);
			runOnlyForDeploymentPostprocessing = 0;
		};
/* End PBXFrameworksBuildPhase section */

/* Begin PBXGroup section */
		3219C1642ABA6C0A00DEF804 /* sounds */ = {
			isa = PBXGroup;
			children = (
				32B4460C2ABA6DA1005FC57A /* eat.mp3 */,
				32B4460D2ABA6DA1005FC57A /* wall.mp3 */,
			);
			path = sounds;
			sourceTree = "<group>";
		};
		3219C1652ABA6C1400DEF804 /* images */ = {
			isa = PBXGroup;
			children = (
				32B4460B2ABA6D85005FC57A /* food.png */,
			);
			path = images;
			sourceTree = "<group>";
		};
		32BAF89C2ABA677300B5799C = {
			isa = PBXGroup;
			children = (
				32BAF8A72ABA677300B5799C /* snakeGameXcode */,
				32BAF8A62ABA677300B5799C /* Products */,
				32BAF8AF2ABA699B00B5799C /* Frameworks */,
			);
			sourceTree = "<group>";
		};
		32BAF8A62ABA677300B5799C /* Products */ = {
			isa = PBXGroup;
			children = (
				32BAF8A52ABA677300B5799C /* snakeGameXcode */,
			);
			name = Products;
			sourceTree = "<group>";
		};
		32BAF8A72ABA677300B5799C /* snakeGameXcode */ = {
			isa = PBXGroup;
			children = (
				32FB6ECF2ABA7EBD002D15BE /* release */,
				3219C1642ABA6C0A00DEF804 /* sounds */,
				3219C1652ABA6C1400DEF804 /* images */,
				32BAF8A82ABA677300B5799C /* main.cpp */,
			);
			path = snakeGameXcode;
			sourceTree = "<group>";
		};
		32BAF8AF2ABA699B00B5799C /* Frameworks */ = {
			isa = PBXGroup;
			children = (
				32BAF8B62ABA6A8E00B5799C /* libraylib.a */,
				32BAF8B42ABA69B000B5799C /* Cocoa.framework */,
				32BAF8B22ABA69A600B5799C /* IOKit.framework */,
				32BAF8B02ABA699B00B5799C /* OpenGL.framework */,
			);
			name = Frameworks;
			sourceTree = "<group>";
		};
		32FB6ECF2ABA7EBD002D15BE /* release */ = {
			isa = PBXGroup;
			children = (
			);
			path = release;
			sourceTree = "<group>";
		};
/* End PBXGroup section */

/* Begin PBXNativeTarget section */
		32BAF8A42ABA677300B5799C /* snakeGameXcode */ = {
			isa = PBXNativeTarget;
			buildConfigurationList = 32BAF8AC2ABA677300B5799C /* Build configuration list for PBXNativeTarget "snakeGameXcode" */;
			buildPhases = (
				32BAF8A12ABA677300B5799C /* Sources */,
				32BAF8A22ABA677300B5799C /* Frameworks */,
				32BAF8A32ABA677300B5799C /* CopyFiles */,
			);
			buildRules = (
			);
			dependencies = (
			);
			name = snakeGameXcode;
			productName = snakeGameXcode;
			productReference = 32BAF8A52ABA677300B5799C /* snakeGameXcode */;
			productType = "com.apple.product-type.tool";
		};
/* End PBXNativeTarget section */

/* Begin PBXProject section */
		32BAF89D2ABA677300B5799C /* Project object */ = {
			isa = PBXProject;
			attributes = {
				BuildIndependentTargetsInParallel = 1;
				LastUpgradeCheck = 1430;
				TargetAttributes = {
					32BAF8A42ABA677300B5799C = {
						CreatedOnToolsVersion = 14.3.1;
					};
				};
			};
			buildConfigurationList = 32BAF8A02ABA677300B5799C /* Build configuration list for PBXProject "snakeGameXcode" */;
			compatibilityVersion = "Xcode 14.0";
			developmentRegion = en;
			hasScannedForEncodings = 0;
			knownRegions = (
				en,
				Base,
			);
			mainGroup = 32BAF89C2ABA677300B5799C;
			productRefGroup = 32BAF8A62ABA677300B5799C /* Products */;
			projectDirPath = "";
			projectRoot = "";
			targets = (
				32BAF8A42ABA677300B5799C /* snakeGameXcode */,
			);
		};
/* End PBXProject section */

/* Begin PBXSourcesBuildPhase section */
		32BAF8A12ABA677300B5799C /* Sources */ = {
			isa = PBXSourcesBuildPhase;
			buildActionMask = 2147483647;
			files = (
				32BAF8A92ABA677300B5799C /* main.cpp in Sources */,
			);
			runOnlyForDeploymentPostprocessing = 0;
		};
/* End PBXSourcesBuildPhase section */

/* Begin XCBuildConfiguration section */
		32BAF8AA2ABA677300B5799C /* Debug */ = {
			isa = XCBuildConfiguration;
			buildSettings = {
				ALWAYS_SEARCH_USER_PATHS = NO;
				CLANG_ANALYZER_NONNULL = YES;
				CLANG_ANALYZER_NUMBER_OBJECT_CONVERSION = YES_AGGRESSIVE;
				CLANG_CXX_LANGUAGE_STANDARD = "gnu++20";
				CLANG_ENABLE_MODULES = YES;
				CLANG_ENABLE_OBJC_ARC = YES;
				CLANG_ENABLE_OBJC_WEAK = YES;
				CLANG_WARN_BLOCK_CAPTURE_AUTORELEASING = YES;
				CLANG_WARN_BOOL_CONVERSION = YES;
				CLANG_WARN_COMMA = YES;
				CLANG_WARN_CONSTANT_CONVERSION = YES;
				CLANG_WARN_DEPRECATED_OBJC_IMPLEMENTATIONS = YES;
				CLANG_WARN_DIRECT_OBJC_ISA_USAGE = YES_ERROR;
				CLANG_WARN_DOCUMENTATION_COMMENTS = YES;
				CLANG_WARN_EMPTY_BODY = YES;
				CLANG_WARN_ENUM_CONVERSION = YES;
				CLANG_WARN_INFINITE_RECURSION = YES;
				CLANG_WARN_INT_CONVERSION = YES;
				CLANG_WARN_NON_LITERAL_NULL_CONVERSION = YES;
				CLANG_WARN_OBJC_IMPLICIT_RETAIN_SELF = YES;
				CLANG_WARN_OBJC_LITERAL_CONVERSION = YES;
				CLANG_WARN_OBJC_ROOT_CLASS = YES_ERROR;
				CLANG_WARN_QUOTED_INCLUDE_IN_FRAMEWORK_HEADER = YES;
				CLANG_WARN_RANGE_LOOP_ANALYSIS = YES;
				CLANG_WARN_STRICT_PROTOTYPES = YES;
				CLANG_WARN_SUSPICIOUS_MOVE = YES;
				CLANG_WARN_UNGUARDED_AVAILABILITY = YES_AGGRESSIVE;
				CLANG_WARN_UNREACHABLE_CODE = YES;
				CLANG_WARN__DUPLICATE_METHOD_MATCH = YES;
				COPY_PHASE_STRIP = NO;
				DEBUG_INFORMATION_FORMAT = dwarf;
				ENABLE_STRICT_OBJC_MSGSEND = YES;
				ENABLE_TESTABILITY = YES;
				GCC_C_LANGUAGE_STANDARD = gnu11;
				GCC_DYNAMIC_NO_PIC = NO;
				GCC_NO_COMMON_BLOCKS = YES;
				GCC_OPTIMIZATION_LEVEL = 0;
				GCC_PREPROCESSOR_DEFINITIONS = (
					"DEBUG=1",
					"$(inherited)",
				);
				GCC_WARN_64_TO_32_BIT_CONVERSION = YES;
				GCC_WARN_ABOUT_RETURN_TYPE = YES_ERROR;
				GCC_WARN_UNDECLARED_SELECTOR = YES;
				GCC_WARN_UNINITIALIZED_AUTOS = YES_AGGRESSIVE;
				GCC_WARN_UNUSED_FUNCTION = YES;
				GCC_WARN_UNUSED_VARIABLE = YES;
				MACOSX_DEPLOYMENT_TARGET = 13.3;
				MTL_ENABLE_DEBUG_INFO = INCLUDE_SOURCE;
				MTL_FAST_MATH = YES;
				ONLY_ACTIVE_ARCH = YES;
				SDKROOT = macosx;
			};
			name = Debug;
		};
		32BAF8AB2ABA677300B5799C /* Release */ = {
			isa = XCBuildConfiguration;
			buildSettings = {
				ALWAYS_SEARCH_USER_PATHS = NO;
				CLANG_ANALYZER_NONNULL = YES;
				CLANG_ANALYZER_NUMBER_OBJECT_CONVERSION = YES_AGGRESSIVE;
				CLANG_CXX_LANGUAGE_STANDARD = "gnu++20";
				CLANG_ENABLE_MODULES = YES;
				CLANG_ENABLE_OBJC_ARC = YES;
				CLANG_ENABLE_OBJC_WEAK = YES;
				CLANG_WARN_BLOCK_CAPTURE_AUTORELEASING = YES;
				CLANG_WARN_BOOL_CONVERSION = YES;
				CLANG_WARN_COMMA = YES;
				CLANG_WARN_CONSTANT_CONVERSION = YES;
				CLANG_WARN_DEPRECATED_OBJC_IMPLEMENTATIONS = YES;
				CLANG_WARN_DIRECT_OBJC_ISA_USAGE = YES_ERROR;
				CLANG_WARN_DOCUMENTATION_COMMENTS = YES;
				CLANG_WARN_EMPTY_BODY = YES;
				CLANG_WARN_ENUM_CONVERSION = YES;
				CLANG_WARN_INFINITE_RECURSION = YES;
				CLANG_WARN_INT_CONVERSION = YES;
				CLANG_WARN_NON_LITERAL_NULL_CONVERSION = YES;
				CLANG_WARN_OBJC_IMPLICIT_RETAIN_SELF = YES;
				CLANG_WARN_OBJC_LITERAL_CONVERSION = YES;
				CLANG_WARN_OBJC_ROOT_CLASS = YES_ERROR;
				CLANG_WARN_QUOTED_INCLUDE_IN_FRAMEWORK_HEADER = YES;
				CLANG_WARN_RANGE_LOOP_ANALYSIS = YES;
				CLANG_WARN_STRICT_PROTOTYPES = YES;
				CLANG_WARN_SUSPICIOUS_MOVE = YES;
				CLANG_WARN_UNGUARDED_AVAILABILITY = YES_AGGRESSIVE;
				CLANG_WARN_UNREACHABLE_CODE = YES;
				CLANG_WARN__DUPLICATE_METHOD_MATCH = YES;
				COPY_PHASE_STRIP = NO;
				DEBUG_INFORMATION_FORMAT = "dwarf-with-dsym";
				ENABLE_NS_ASSERTIONS = NO;
				ENABLE_STRICT_OBJC_MSGSEND = YES;
				GCC_C_LANGUAGE_STANDARD = gnu11;
				GCC_NO_COMMON_BLOCKS = YES;
				GCC_WARN_64_TO_32_BIT_CONVERSION = YES;
				GCC_WARN_ABOUT_RETURN_TYPE = YES_ERROR;
				GCC_WARN_UNDECLARED_SELECTOR = YES;
				GCC_WARN_UNINITIALIZED_AUTOS = YES_AGGRESSIVE;
				GCC_WARN_UNUSED_FUNCTION = YES;
				GCC_WARN_UNUSED_VARIABLE = YES;
				MACOSX_DEPLOYMENT_TARGET = 13.3;
				MTL_ENABLE_DEBUG_INFO = NO;
				MTL_FAST_MATH = YES;
				SDKROOT = macosx;
			};
			name = Release;
		};
		32BAF8AD2ABA677300B5799C /* Debug */ = {
			isa = XCBuildConfiguration;
			buildSettings = {
				CODE_SIGN_STYLE = Automatic;
				HEADER_SEARCH_PATHS = "/Users/kurtreyn/Developer/raylib-master/src";
				LIBRARY_SEARCH_PATHS = "/Users/kurtreyn/Developer/raylib-master/src";
				PRODUCT_NAME = "$(TARGET_NAME)";
			};
			name = Debug;
		};
		32BAF8AE2ABA677300B5799C /* Release */ = {
			isa = XCBuildConfiguration;
			buildSettings = {
				CODE_SIGN_STYLE = Automatic;
				HEADER_SEARCH_PATHS = "/Users/kurtreyn/Developer/raylib-master/src";
				LIBRARY_SEARCH_PATHS = "/Users/kurtreyn/Developer/raylib-master/src";
				ONLY_ACTIVE_ARCH = YES;
				PRODUCT_NAME = "$(TARGET_NAME)";
			};
			name = Release;
		};
/* End XCBuildConfiguration section */

/* Begin XCConfigurationList section */
		32BAF8A02ABA677300B5799C /* Build configuration list for PBXProject "snakeGameXcode" */ = {
			isa = XCConfigurationList;
			buildConfigurations = (
				32BAF8AA2ABA677300B5799C /* Debug */,
				32BAF8AB2ABA677300B5799C /* Release */,
			);
			defaultConfigurationIsVisible = 0;
			defaultConfigurationName = Release;
		};
		32BAF8AC2ABA677300B5799C /* Build configuration list for PBXNativeTarget "snakeGameXcode" */ = {
			isa = XCConfigurationList;
			buildConfigurations = (
				32BAF8AD2ABA677300B5799C /* Debug */,
				32BAF8AE2ABA677300B5799C /* Release */,
			);
			defaultConfigurationIsVisible = 0;
			defaultConfigurationName = Release;
		};
/* End XCConfigurationList section */
	};
	rootObject = 32BAF89D2ABA677300B5799C /* Project object */;
}
